
Microsoft Visual Studio Solution File, Format Version 12.00
# Visual Studio Version 17
VisualStudioVersion = 17.6.33829.357
MinimumVisualStudioVersion = 10.0.40219.1
Project("{9A19103F-16F7-4668-BE54-9A1E7A4F7556}") = "SistemaGestaoTcc.API", "SistemaGestaoTcc.API\SistemaGestaoTcc.API.csproj", "{8F2BDC00-EF06-4AAE-ADDF-02B2AB839BEE}"
EndProject
Project("{9A19103F-16F7-4668-BE54-9A1E7A4F7556}") = "SistemaGestaoTcc.Core", "SistemaGestaoTcc.Core\SistemaGestaoTcc.Core.csproj", "{CD7F98FF-B60E-4576-B22E-72FFF0250B60}"
EndProject
Project("{9A19103F-16F7-4668-BE54-9A1E7A4F7556}") = "SistemaGestaoTcc.Infrastructure", "SistemaGestaoTcc.Infrastructure\SistemaGestaoTcc.Infrastructure.csproj", "{07690D06-AE36-435C-B2C0-6A71761C59E2}"
EndProject
Project("{9A19103F-16F7-4668-BE54-9A1E7A4F7556}") = "SistemaGestaoTcc.Application", "SistemaGestaoTcc.Application\SistemaGestaoTcc.Application.csproj", "{3219C616-AD0A-4491-AD96-B5F8459B2D9C}"
EndProject
Project("{2150E333-8FDC-42A3-9474-1A3956D46DE8}") = "Itens de Solução", "Itens de Solução", "{0AE86083-7199-409A-B4A4-A133C29B9F73}"
	ProjectSection(SolutionItems) = preProject
		Dockerfile = Dockerfile
	EndProjectSection
EndProject
Project("{FAE04EC0-301F-11D3-BF4B-00C04F79EFBC}") = "SistemaGestao.Test", "SistemaGestao.Test\SistemaGestao.Test.csproj", "{DBD4F007-CB17-452F-8864-5A9FA0A8DAE1}"
EndProject
Global
	GlobalSection(SolutionConfigurationPlatforms) = preSolution
		Debug|Any CPU = Debug|Any CPU
		Release|Any CPU = Release|Any CPU
	EndGlobalSection
	GlobalSection(ProjectConfigurationPlatforms) = postSolution
		{8F2BDC00-EF06-4AAE-ADDF-02B2AB839BEE}.Debug|Any CPU.ActiveCfg = Debug|Any CPU
		{8F2BDC00-EF06-4AAE-ADDF-02B2AB839BEE}.Debug|Any CPU.Build.0 = Debug|Any CPU
		{8F2BDC00-EF06-4AAE-ADDF-02B2AB839BEE}.Release|Any CPU.ActiveCfg = Release|Any CPU
		{8F2BDC00-EF06-4AAE-ADDF-02B2AB839BEE}.Release|Any CPU.Build.0 = Release|Any CPU
		{CD7F98FF-B60E-4576-B22E-72FFF0250B60}.Debug|Any CPU.ActiveCfg = Debug|Any CPU
		{CD7F98FF-B60E-4576-B22E-72FFF0250B60}.Debug|Any CPU.Build.0 = Debug|Any CPU
		{CD7F98FF-B60E-4576-B22E-72FFF0250B60}.Release|Any CPU.ActiveCfg = Release|Any CPU
		{CD7F98FF-B60E-4576-B22E-72FFF0250B60}.Release|Any CPU.Build.0 = Release|Any CPU
		{07690D06-AE36-435C-B2C0-6A71761C59E2}.Debug|Any CPU.ActiveCfg = Debug|Any CPU
		{07690D06-AE36-435C-B2C0-6A71761C59E2}.Debug|Any CPU.Build.0 = Debug|Any CPU
		{07690D06-AE36-435C-B2C0-6A71761C59E2}.Release|Any CPU.ActiveCfg = Release|Any CPU
		{07690D06-AE36-435C-B2C0-6A71761C59E2}.Release|Any CPU.Build.0 = Release|Any CPU
		{3219C616-AD0A-4491-AD96-B5F8459B2D9C}.Debug|Any CPU.ActiveCfg = Debug|Any CPU
		{3219C616-AD0A-4491-AD96-B5F8459B2D9C}.Debug|Any CPU.Build.0 = Debug|Any CPU
		{3219C616-AD0A-4491-AD96-B5F8459B2D9C}.Release|Any CPU.ActiveCfg = Release|Any CPU
		{3219C616-AD0A-4491-AD96-B5F8459B2D9C}.Release|Any CPU.Build.0 = Release|Any CPU
		{DBD4F007-CB17-452F-8864-5A9FA0A8DAE1}.Debug|Any CPU.ActiveCfg = Debug|Any CPU
		{DBD4F007-CB17-452F-8864-5A9FA0A8DAE1}.Debug|Any CPU.Build.0 = Debug|Any CPU
		{DBD4F007-CB17-452F-8864-5A9FA0A8DAE1}.Release|Any CPU.ActiveCfg = Release|Any CPU
		{DBD4F007-CB17-452F-8864-5A9FA0A8DAE1}.Release|Any CPU.Build.0 = Release|Any CPU
	EndGlobalSection
	GlobalSection(SolutionProperties) = preSolution
		HideSolutionNode = FALSE
	EndGlobalSection
	GlobalSection(ExtensibilityGlobals) = postSolution
		SolutionGuid = {F3350376-5379-400C-855D-A071B156F4D4}
	EndGlobalSection
EndGlobal
